github.com/gorilla/mux v1.8.0/go.mod h1:DVbg23sWSpFRCP0SfiEN6jmj59UnW/n46BH5rLB71So=
k8s.io/api v0.28.0/go.mod h1:0l8NZJzB0i/etuWnIXcwfIv+xnDOhL3lLW919AWYDuY=
k8s.io/apimachinery v0.28.0/go.mod h1:X0xh/chESs2hP9koe+SdIAcXWcQ+RM5hy0ZynB+yEvw=
k8s.io/client-go v0.28.0/go.mod h1:0Asy9Xt3U98RypWJmU1ZrRAGKhP6NqDPmptlAzK2kMc=
sigs.k8s.io/controller-runtime v0.16.0/go.mod h1:77DnuwA8+J7AO0njzv3wbNlMOnGuLrwFr8JPNwx3J7g=
